{
    "_meta": {
        "hash": {
            "sha256": "1fb378263991e5e2a0cc63058559a7a9e348763fedfa5543fe7429e1c413e57f"
        },
        "pipfile-spec": 6,
        "requires": {
            "python_version": "3.12"
        },
        "sources": [
            {
                "name": "pypi",
                "url": "https://pypi.org/simple",
                "verify_ssl": true
            }
        ]
    },
    "default": {
        "polars": {
            "hashes": [
                "sha256:1c811b772c9476f7f0bb4445a8387d2ab6d86f5e79140b1bfba914a32788d261",
                "sha256:6d1665c23e3574ebd47a26a5d7b619e6e73e53718c3b0bfd7d08b6a0a4ae7daa",
                "sha256:a166adb429f8ee099c9d803e7470a80c76368437a8b272c67cef9eef6d5e9da1",
                "sha256:d7e8d5e577883a9755bc3be92ecbf6f20bced68267bdb8bdb440120e905cc19c",
                "sha256:d7f3abf085adf034720b358119c4c8e144bcc2d96010b7e7d0afa11b80da383c",
                "sha256:ffae15ffa80fda5cc3af44a340b565bcf7f2ab6d7854d3f967baf505710c78e2"
            ],
            "index": "pypi",
            "markers": "python_version >= '3.8'",
            "version": "==1.6.0"
        }
    },
    "develop": {}
}
